
Microsoft Visual Studio Solution File, Format Version 12.00
# Visual Studio Version 16
VisualStudioVersion = 16.0.32228.343
MinimumVisualStudioVersion = 10.0.40219.1
Project("{FAE04EC0-301F-11D3-BF4B-00C04F79EFBC}") = "TCPServerConcurrent", "TCPServerConcurrent\TCPServerConcurrent.csproj", "{985F97C1-0AA3-4B9A-86E3-3937B6A9C2E8}"
EndProject
Global
	GlobalSection(SolutionConfigurationPlatforms) = preSolution
		Debug|Any CPU = Debug|Any CPU
		Release|Any CPU = Release|Any CPU
	EndGlobalSection
	GlobalSection(ProjectConfigurationPlatforms) = postSolution
		{985F97C1-0AA3-4B9A-86E3-3937B6A9C2E8}.Debug|Any CPU.ActiveCfg = Debug|Any CPU
		{985F97C1-0AA3-4B9A-86E3-3937B6A9C2E8}.Debug|Any CPU.Build.0 = Debug|Any CPU
		{985F97C1-0AA3-4B9A-86E3-3937B6A9C2E8}.Release|Any CPU.ActiveCfg = Release|Any CPU
		{985F97C1-0AA3-4B9A-86E3-3937B6A9C2E8}.Release|Any CPU.Build.0 = Release|Any CPU
	EndGlobalSection
	GlobalSection(SolutionProperties) = preSolution
		HideSolutionNode = FALSE
	EndGlobalSection
	GlobalSection(ExtensibilityGlobals) = postSolution
		SolutionGuid = {30B605D4-4A83-43DC-B9DB-592F3B3F90E6}
	EndGlobalSection
EndGlobal
